
Microsoft Visual Studio Solution File, Format Version 12.00
# Visual Studio Version 16
VisualStudioVersion = 16.0.30114.105
MinimumVisualStudioVersion = 10.0.40219.1
Project("{2150E333-8FDC-42A3-9474-1A3956D46DE8}") = "src", "src", "{6C16021F-9EF7-424A-99AB-B3B6E2FAFD0D}"
EndProject
Project("{2150E333-8FDC-42A3-9474-1A3956D46DE8}") = "tests", "tests", "{06EA225E-44F1-4A49-943E-90D908BE2A9F}"
EndProject
Project("{2150E333-8FDC-42A3-9474-1A3956D46DE8}") = "devops", "devops", "{2374A0A3-6455-4566-8FE6-559CF3C84782}"
EndProject
Project("{FAE04EC0-301F-11D3-BF4B-00C04F79EFBC}") = "Agamotto.Net.Abstractions", "src\Agamotto.Net.Abstractions\Agamotto.Net.Abstractions.csproj", "{4463FCE1-298E-418A-806B-628ED46BF372}"
EndProject
Global
	GlobalSection(SolutionConfigurationPlatforms) = preSolution
		Debug|Any CPU = Debug|Any CPU
		Debug|x64 = Debug|x64
		Debug|x86 = Debug|x86
		Release|Any CPU = Release|Any CPU
		Release|x64 = Release|x64
		Release|x86 = Release|x86
	EndGlobalSection
	GlobalSection(SolutionProperties) = preSolution
		HideSolutionNode = FALSE
	EndGlobalSection
	GlobalSection(NestedProjects) = preSolution
		{4463FCE1-298E-418A-806B-628ED46BF372} = {6C16021F-9EF7-424A-99AB-B3B6E2FAFD0D}
	EndGlobalSection
	GlobalSection(ProjectConfigurationPlatforms) = postSolution
		{4463FCE1-298E-418A-806B-628ED46BF372}.Debug|Any CPU.ActiveCfg = Debug|Any CPU
		{4463FCE1-298E-418A-806B-628ED46BF372}.Debug|Any CPU.Build.0 = Debug|Any CPU
		{4463FCE1-298E-418A-806B-628ED46BF372}.Debug|x64.ActiveCfg = Debug|Any CPU
		{4463FCE1-298E-418A-806B-628ED46BF372}.Debug|x64.Build.0 = Debug|Any CPU
		{4463FCE1-298E-418A-806B-628ED46BF372}.Debug|x86.ActiveCfg = Debug|Any CPU
		{4463FCE1-298E-418A-806B-628ED46BF372}.Debug|x86.Build.0 = Debug|Any CPU
		{4463FCE1-298E-418A-806B-628ED46BF372}.Release|Any CPU.ActiveCfg = Release|Any CPU
		{4463FCE1-298E-418A-806B-628ED46BF372}.Release|Any CPU.Build.0 = Release|Any CPU
		{4463FCE1-298E-418A-806B-628ED46BF372}.Release|x64.ActiveCfg = Release|Any CPU
		{4463FCE1-298E-418A-806B-628ED46BF372}.Release|x64.Build.0 = Release|Any CPU
		{4463FCE1-298E-418A-806B-628ED46BF372}.Release|x86.ActiveCfg = Release|Any CPU
		{4463FCE1-298E-418A-806B-628ED46BF372}.Release|x86.Build.0 = Release|Any CPU
	EndGlobalSection
EndGlobal
